
Microsoft Visual Studio Solution File, Format Version 12.00
# Visual Studio 14
VisualStudioVersion = 14.0.24720.0
MinimumVisualStudioVersion = 10.0.40219.1
Project("{FAE04EC0-301F-11D3-BF4B-00C04F79EFBC}") = "HFJ.LojaVirtual.Dominio", "HFJ.LojaVirtual.Dominio\HFJ.LojaVirtual.Dominio.csproj", "{5C94B61F-B59B-40CF-B6FA-F8A48DBBB755}"
EndProject
Project("{FAE04EC0-301F-11D3-BF4B-00C04F79EFBC}") = "HFJ.LojaVirtual.Web", "HFJ.LojaVirtual.Web\HFJ.LojaVirtual.Web.csproj", "{C4E81949-F3A6-4184-9C55-A500EE3EA160}"
EndProject
Project("{FAE04EC0-301F-11D3-BF4B-00C04F79EFBC}") = "HFJ.LojaVirtual.UnitTest", "HFJ.LojaVirtual.UnitTest\HFJ.LojaVirtual.UnitTest.csproj", "{33ACB6AC-E5D5-4A95-9FD9-80C7BD0569EF}"
EndProject
Global
	GlobalSection(SolutionConfigurationPlatforms) = preSolution
		Debug|Any CPU = Debug|Any CPU
		Release|Any CPU = Release|Any CPU
	EndGlobalSection
	GlobalSection(ProjectConfigurationPlatforms) = postSolution
		{5C94B61F-B59B-40CF-B6FA-F8A48DBBB755}.Debug|Any CPU.ActiveCfg = Debug|Any CPU
		{5C94B61F-B59B-40CF-B6FA-F8A48DBBB755}.Debug|Any CPU.Build.0 = Debug|Any CPU
		{5C94B61F-B59B-40CF-B6FA-F8A48DBBB755}.Release|Any CPU.ActiveCfg = Release|Any CPU
		{5C94B61F-B59B-40CF-B6FA-F8A48DBBB755}.Release|Any CPU.Build.0 = Release|Any CPU
		{C4E81949-F3A6-4184-9C55-A500EE3EA160}.Debug|Any CPU.ActiveCfg = Debug|Any CPU
		{C4E81949-F3A6-4184-9C55-A500EE3EA160}.Debug|Any CPU.Build.0 = Debug|Any CPU
		{C4E81949-F3A6-4184-9C55-A500EE3EA160}.Release|Any CPU.ActiveCfg = Release|Any CPU
		{C4E81949-F3A6-4184-9C55-A500EE3EA160}.Release|Any CPU.Build.0 = Release|Any CPU
		{33ACB6AC-E5D5-4A95-9FD9-80C7BD0569EF}.Debug|Any CPU.ActiveCfg = Debug|Any CPU
		{33ACB6AC-E5D5-4A95-9FD9-80C7BD0569EF}.Debug|Any CPU.Build.0 = Debug|Any CPU
		{33ACB6AC-E5D5-4A95-9FD9-80C7BD0569EF}.Release|Any CPU.ActiveCfg = Release|Any CPU
		{33ACB6AC-E5D5-4A95-9FD9-80C7BD0569EF}.Release|Any CPU.Build.0 = Release|Any CPU
	EndGlobalSection
	GlobalSection(SolutionProperties) = preSolution
		HideSolutionNode = FALSE
	EndGlobalSection
EndGlobal
